
Microsoft Visual Studio Solution File, Format Version 12.00
# Visual Studio Version 17
VisualStudioVersion = 17.8.34212.112
MinimumVisualStudioVersion = 10.0.40219.1
Project("{FAE04EC0-301F-11D3-BF4B-00C04F79EFBC}") = "SafeTimer", "SafeTimer.csproj", "{1B1DFA03-FA7A-458E-A018-0DF43931C198}"
EndProject
Global
	GlobalSection(SolutionConfigurationPlatforms) = preSolution
		Debug|Any CPU = Debug|Any CPU
		Release|Any CPU = Release|Any CPU
	EndGlobalSection
	GlobalSection(ProjectConfigurationPlatforms) = postSolution
		{1B1DFA03-FA7A-458E-A018-0DF43931C198}.Debug|Any CPU.ActiveCfg = Debug|Any CPU
		{1B1DFA03-FA7A-458E-A018-0DF43931C198}.Debug|Any CPU.Build.0 = Debug|Any CPU
		{1B1DFA03-FA7A-458E-A018-0DF43931C198}.Release|Any CPU.ActiveCfg = Release|Any CPU
		{1B1DFA03-FA7A-458E-A018-0DF43931C198}.Release|Any CPU.Build.0 = Release|Any CPU
	EndGlobalSection
	GlobalSection(SolutionProperties) = preSolution
		HideSolutionNode = FALSE
	EndGlobalSection
	GlobalSection(ExtensibilityGlobals) = postSolution
		SolutionGuid = {53B50FEF-0D8F-47A2-AF6C-9C2230369179}
	EndGlobalSection
EndGlobal
